
Microsoft Visual Studio Solution File, Format Version 12.00
# Visual Studio Version 16
VisualStudioVersion = 16.0.31911.196
MinimumVisualStudioVersion = 10.0.40219.1
Project("{FAE04EC0-301F-11D3-BF4B-00C04F79EFBC}") = "GameDatabase", "GameDatabase\GameDatabase.csproj", "{046F2476-C462-4EF4-987C-8FE07660DB56}"
EndProject
Global
	GlobalSection(SolutionConfigurationPlatforms) = preSolution
		Debug|Any CPU = Debug|Any CPU
		Release|Any CPU = Release|Any CPU
	EndGlobalSection
	GlobalSection(ProjectConfigurationPlatforms) = postSolution
		{046F2476-C462-4EF4-987C-8FE07660DB56}.Debug|Any CPU.ActiveCfg = Debug|Any CPU
		{046F2476-C462-4EF4-987C-8FE07660DB56}.Debug|Any CPU.Build.0 = Debug|Any CPU
		{046F2476-C462-4EF4-987C-8FE07660DB56}.Release|Any CPU.ActiveCfg = Release|Any CPU
		{046F2476-C462-4EF4-987C-8FE07660DB56}.Release|Any CPU.Build.0 = Release|Any CPU
	EndGlobalSection
	GlobalSection(SolutionProperties) = preSolution
		HideSolutionNode = FALSE
	EndGlobalSection
	GlobalSection(ExtensibilityGlobals) = postSolution
		SolutionGuid = {80136DFC-59B0-4295-A0C4-F9439B422877}
	EndGlobalSection
EndGlobal
